// !$*UTF8*$!
{
	archiveVersion = 1;
	classes = {
	};
	objectVersion = 46;
	objects = {

/* Begin PBXBuildFile section */
		043C50E01BB60FC2004B6620 /* PGCustomView.m in Sources */ = {isa = PBXBuildFile; fileRef = 043C50DF1BB60FC2004B6620 /* PGCustomView.m */; };
		045F9F591BB18464002C6B1B /* PGLoginViewController.m in Sources */ = {isa = PBXBuildFile; fileRef = 045F9F581BB18464002C6B1B /* PGLoginViewController.m */; };
		045F9F5C1BB1863B002C6B1B /* PGAddUpWithDateViewController.m in Sources */ = {isa = PBXBuildFile; fileRef = 045F9F5B1BB1863B002C6B1B /* PGAddUpWithDateViewController.m */; };
		045F9F5F1BB18721002C6B1B /* PGAddUpAllCell.m in Sources */ = {isa = PBXBuildFile; fileRef = 045F9F5E1BB18721002C6B1B /* PGAddUpAllCell.m */; };
		045F9F631BB1932F002C6B1B /* PGDeskAddupCell.m in Sources */ = {isa = PBXBuildFile; fileRef = 045F9F621BB1932F002C6B1B /* PGDeskAddupCell.m */; };
		045F9F661BB1AA6C002C6B1B /* PGDeskAddupViewController.m in Sources */ = {isa = PBXBuildFile; fileRef = 045F9F651BB1AA6C002C6B1B /* PGDeskAddupViewController.m */; };
		045F9F691BB1AAC9002C6B1B /* PGDeskDetialsCell.m in Sources */ = {isa = PBXBuildFile; fileRef = 045F9F681BB1AAC9002C6B1B /* PGDeskDetialsCell.m */; };
		045F9F6B1BB21FA0002C6B1B /* arrow.png in Resources */ = {isa = PBXBuildFile; fileRef = 045F9F6A1BB21FA0002C6B1B /* arrow.png */; };
		04641A8C1BB0ED5500E36F0A /* main.m in Sources */ = {isa = PBXBuildFile; fileRef = 04641A8B1BB0ED5500E36F0A /* main.m */; };
		04641A8F1BB0ED5500E36F0A /* AppDelegate.m in Sources */ = {isa = PBXBuildFile; fileRef = 04641A8E1BB0ED5500E36F0A /* AppDelegate.m */; };
		04641A971BB0ED5500E36F0A /* Images.xcassets in Resources */ = {isa = PBXBuildFile; fileRef = 04641A961BB0ED5500E36F0A /* Images.xcassets */; };
		04641A9A1BB0ED5500E36F0A /* LaunchScreen.xib in Resources */ = {isa = PBXBuildFile; fileRef = 04641A981BB0ED5500E36F0A /* LaunchScreen.xib */; };
		04641AA61BB0ED5500E36F0A /* ManageSystemTests.m in Sources */ = {isa = PBXBuildFile; fileRef = 04641AA51BB0ED5500E36F0A /* ManageSystemTests.m */; };
		0468CB3D1BBE1BA9000E51F4 /* HTTPManager.m in Sources */ = {isa = PBXBuildFile; fileRef = 0468CB3C1BBE1BA9000E51F4 /* HTTPManager.m */; settings = {ASSET_TAGS = (); }; };
		0468CB401BBE1C94000E51F4 /* PGApiClient.m in Sources */ = {isa = PBXBuildFile; fileRef = 0468CB3F1BBE1C94000E51F4 /* PGApiClient.m */; settings = {ASSET_TAGS = (); }; };
		4CA3EC301AE1FAF3F26F1095 /* libPods-ManageSystem.a in Frameworks */ = {isa = PBXBuildFile; fileRef = AC935D9FEA5312C1E2894E8C /* libPods-ManageSystem.a */; };
		988075701BB187020013700F /* DringsTableViewController.m in Sources */ = {isa = PBXBuildFile; fileRef = 9880756F1BB187020013700F /* DringsTableViewController.m */; };
		988075741BB187A90013700F /* DrinksTableViewCell.m in Sources */ = {isa = PBXBuildFile; fileRef = 988075721BB187A90013700F /* DrinksTableViewCell.m */; };
		988075751BB187A90013700F /* DrinksTableViewCell.xib in Resources */ = {isa = PBXBuildFile; fileRef = 988075731BB187A90013700F /* DrinksTableViewCell.xib */; };
		988075791BB19A950013700F /* PGTurnListTableViewController.m in Sources */ = {isa = PBXBuildFile; fileRef = 988075781BB19A950013700F /* PGTurnListTableViewController.m */; };
		9880757D1BB19B540013700F /* PGTurnListTableViewCell.m in Sources */ = {isa = PBXBuildFile; fileRef = 9880757B1BB19B540013700F /* PGTurnListTableViewCell.m */; };
		9880757E1BB19B540013700F /* PGTurnListTableViewCell.xib in Resources */ = {isa = PBXBuildFile; fileRef = 9880757C1BB19B540013700F /* PGTurnListTableViewCell.xib */; };
		988075811BB1A9660013700F /* PGTurnDetailTableViewController.m in Sources */ = {isa = PBXBuildFile; fileRef = 988075801BB1A9660013700F /* PGTurnDetailTableViewController.m */; };
		98FE21B91BB3D23F00F052E7 /* PGTurnDetailTableViewCell.m in Sources */ = {isa = PBXBuildFile; fileRef = 98FE21B81BB3D23F00F052E7 /* PGTurnDetailTableViewCell.m */; };
/* End PBXBuildFile section */

/* Begin PBXContainerItemProxy section */
		04641AA01BB0ED5500E36F0A /* PBXContainerItemProxy */ = {
			isa = PBXContainerItemProxy;
			containerPortal = 04641A7E1BB0ED5500E36F0A /* Project object */;
			proxyType = 1;
			remoteGlobalIDString = 04641A851BB0ED5500E36F0A;
			remoteInfo = ManageSystem;
		};
/* End PBXContainerItemProxy section */

/* Begin PBXFileReference section */
		043C50DE1BB60FC2004B6620 /* PGCustomView.h */ = {isa = PBXFileReference; fileEncoding = 4; lastKnownFileType = sourcecode.c.h; path = PGCustomView.h; sourceTree = "<group>"; };
		043C50DF1BB60FC2004B6620 /* PGCustomView.m */ = {isa = PBXFileReference; fileEncoding = 4; lastKnownFileType = sourcecode.c.objc; path = PGCustomView.m; sourceTree = "<group>"; };
		045F9F571BB18464002C6B1B /* PGLoginViewController.h */ = {isa = PBXFileReference; fileEncoding = 4; lastKnownFileType = sourcecode.c.h; path = PGLoginViewController.h; sourceTree = "<group>"; };
		045F9F581BB18464002C6B1B /* PGLoginViewController.m */ = {isa = PBXFileReference; fileEncoding = 4; lastKnownFileType = sourcecode.c.objc; path = PGLoginViewController.m; sourceTree = "<group>"; };
		045F9F5A1BB1863B002C6B1B /* PGAddUpWithDateViewController.h */ = {isa = PBXFileReference; fileEncoding = 4; lastKnownFileType = sourcecode.c.h; path = PGAddUpWithDateViewController.h; sourceTree = "<group>"; };
		045F9F5B1BB1863B002C6B1B /* PGAddUpWithDateViewController.m */ = {isa = PBXFileReference; fileEncoding = 4; lastKnownFileType = sourcecode.c.objc; path = PGAddUpWithDateViewController.m; sourceTree = "<group>"; };
		045F9F5D1BB18721002C6B1B /* PGAddUpAllCell.h */ = {isa = PBXFileReference; fileEncoding = 4; lastKnownFileType = sourcecode.c.h; path = PGAddUpAllCell.h; sourceTree = "<group>"; };
		045F9F5E1BB18721002C6B1B /* PGAddUpAllCell.m */ = {isa = PBXFileReference; fileEncoding = 4; lastKnownFileType = sourcecode.c.objc; path = PGAddUpAllCell.m; sourceTree = "<group>"; };
		045F9F601BB187C4002C6B1B /* PGDefines.h */ = {isa = PBXFileReference; lastKnownFileType = sourcecode.c.h; path = PGDefines.h; sourceTree = "<group>"; };
		045F9F611BB1932F002C6B1B /* PGDeskAddupCell.h */ = {isa = PBXFileReference; fileEncoding = 4; lastKnownFileType = sourcecode.c.h; path = PGDeskAddupCell.h; sourceTree = "<group>"; };
		045F9F621BB1932F002C6B1B /* PGDeskAddupCell.m */ = {isa = PBXFileReference; fileEncoding = 4; lastKnownFileType = sourcecode.c.objc; path = PGDeskAddupCell.m; sourceTree = "<group>"; };
		045F9F641BB1AA6C002C6B1B /* PGDeskAddupViewController.h */ = {isa = PBXFileReference; fileEncoding = 4; lastKnownFileType = sourcecode.c.h; path = PGDeskAddupViewController.h; sourceTree = "<group>"; };
		045F9F651BB1AA6C002C6B1B /* PGDeskAddupViewController.m */ = {isa = PBXFileReference; fileEncoding = 4; lastKnownFileType = sourcecode.c.objc; path = PGDeskAddupViewController.m; sourceTree = "<group>"; };
		045F9F671BB1AAC9002C6B1B /* PGDeskDetialsCell.h */ = {isa = PBXFileReference; fileEncoding = 4; lastKnownFileType = sourcecode.c.h; path = PGDeskDetialsCell.h; sourceTree = "<group>"; };
		045F9F681BB1AAC9002C6B1B /* PGDeskDetialsCell.m */ = {isa = PBXFileReference; fileEncoding = 4; lastKnownFileType = sourcecode.c.objc; path = PGDeskDetialsCell.m; sourceTree = "<group>"; };
		045F9F6A1BB21FA0002C6B1B /* arrow.png */ = {isa = PBXFileReference; lastKnownFileType = image.png; path = arrow.png; sourceTree = "<group>"; };
		04641A861BB0ED5500E36F0A /* ManageSystem.app */ = {isa = PBXFileReference; explicitFileType = wrapper.application; includeInIndex = 0; path = ManageSystem.app; sourceTree = BUILT_PRODUCTS_DIR; };
		04641A8A1BB0ED5500E36F0A /* Info.plist */ = {isa = PBXFileReference; lastKnownFileType = text.plist.xml; path = Info.plist; sourceTree = "<group>"; };
		04641A8B1BB0ED5500E36F0A /* main.m */ = {isa = PBXFileReference; lastKnownFileType = sourcecode.c.objc; path = main.m; sourceTree = "<group>"; };
		04641A8D1BB0ED5500E36F0A /* AppDelegate.h */ = {isa = PBXFileReference; lastKnownFileType = sourcecode.c.h; path = AppDelegate.h; sourceTree = "<group>"; };
		04641A8E1BB0ED5500E36F0A /* AppDelegate.m */ = {isa = PBXFileReference; lastKnownFileType = sourcecode.c.objc; path = AppDelegate.m; sourceTree = "<group>"; };
		04641A961BB0ED5500E36F0A /* Images.xcassets */ = {isa = PBXFileReference; lastKnownFileType = folder.assetcatalog; path = Images.xcassets; sourceTree = "<group>"; };
		04641A991BB0ED5500E36F0A /* Base */ = {isa = PBXFileReference; lastKnownFileType = file.xib; name = Base; path = Base.lproj/LaunchScreen.xib; sourceTree = "<group>"; };
		04641A9F1BB0ED5500E36F0A /* ManageSystemTests.xctest */ = {isa = PBXFileReference; explicitFileType = wrapper.cfbundle; includeInIndex = 0; path = ManageSystemTests.xctest; sourceTree = BUILT_PRODUCTS_DIR; };
		04641AA41BB0ED5500E36F0A /* Info.plist */ = {isa = PBXFileReference; lastKnownFileType = text.plist.xml; path = Info.plist; sourceTree = "<group>"; };
		04641AA51BB0ED5500E36F0A /* ManageSystemTests.m */ = {isa = PBXFileReference; lastKnownFileType = sourcecode.c.objc; path = ManageSystemTests.m; sourceTree = "<group>"; };
		04641AAF1BB0ED8200E36F0A /* PrefixHeader.pch */ = {isa = PBXFileReference; lastKnownFileType = sourcecode.c.h; path = PrefixHeader.pch; sourceTree = "<group>"; };
		0468CB351BBE193F000E51F4 /* PGApiDefines.h */ = {isa = PBXFileReference; fileEncoding = 4; lastKnownFileType = sourcecode.c.h; path = PGApiDefines.h; sourceTree = "<group>"; };
		0468CB3B1BBE1BA9000E51F4 /* HTTPManager.h */ = {isa = PBXFileReference; fileEncoding = 4; lastKnownFileType = sourcecode.c.h; path = HTTPManager.h; sourceTree = "<group>"; };
		0468CB3C1BBE1BA9000E51F4 /* HTTPManager.m */ = {isa = PBXFileReference; fileEncoding = 4; lastKnownFileType = sourcecode.c.objc; path = HTTPManager.m; sourceTree = "<group>"; };
		0468CB3E1BBE1C94000E51F4 /* PGApiClient.h */ = {isa = PBXFileReference; fileEncoding = 4; lastKnownFileType = sourcecode.c.h; path = PGApiClient.h; sourceTree = "<group>"; };
		0468CB3F1BBE1C94000E51F4 /* PGApiClient.m */ = {isa = PBXFileReference; fileEncoding = 4; lastKnownFileType = sourcecode.c.objc; path = PGApiClient.m; sourceTree = "<group>"; };
		9880756E1BB187020013700F /* DringsTableViewController.h */ = {isa = PBXFileReference; fileEncoding = 4; lastKnownFileType = sourcecode.c.h; path = DringsTableViewController.h; sourceTree = SOURCE_ROOT; };
		9880756F1BB187020013700F /* DringsTableViewController.m */ = {isa = PBXFileReference; fileEncoding = 4; lastKnownFileType = sourcecode.c.objc; path = DringsTableViewController.m; sourceTree = SOURCE_ROOT; };
		988075711BB187A90013700F /* DrinksTableViewCell.h */ = {isa = PBXFileReference; fileEncoding = 4; lastKnownFileType = sourcecode.c.h; path = DrinksTableViewCell.h; sourceTree = SOURCE_ROOT; };
		988075721BB187A90013700F /* DrinksTableViewCell.m */ = {isa = PBXFileReference; fileEncoding = 4; lastKnownFileType = sourcecode.c.objc; path = DrinksTableViewCell.m; sourceTree = SOURCE_ROOT; };
		988075731BB187A90013700F /* DrinksTableViewCell.xib */ = {isa = PBXFileReference; fileEncoding = 4; lastKnownFileType = file.xib; path = DrinksTableViewCell.xib; sourceTree = SOURCE_ROOT; };
		988075771BB19A950013700F /* PGTurnListTableViewController.h */ = {isa = PBXFileReference; fileEncoding = 4; lastKnownFileType = sourcecode.c.h; path = PGTurnListTableViewController.h; sourceTree = "<group>"; };
		988075781BB19A950013700F /* PGTurnListTableViewController.m */ = {isa = PBXFileReference; fileEncoding = 4; lastKnownFileType = sourcecode.c.objc; path = PGTurnListTableViewController.m; sourceTree = "<group>"; };
		9880757A1BB19B540013700F /* PGTurnListTableViewCell.h */ = {isa = PBXFileReference; fileEncoding = 4; lastKnownFileType = sourcecode.c.h; path = PGTurnListTableViewCell.h; sourceTree = "<group>"; };
		9880757B1BB19B540013700F /* PGTurnListTableViewCell.m */ = {isa = PBXFileReference; fileEncoding = 4; lastKnownFileType = sourcecode.c.objc; path = PGTurnListTableViewCell.m; sourceTree = "<group>"; };
		9880757C1BB19B540013700F /* PGTurnListTableViewCell.xib */ = {isa = PBXFileReference; fileEncoding = 4; lastKnownFileType = file.xib; path = PGTurnListTableViewCell.xib; sourceTree = "<group>"; };
		9880757F1BB1A9660013700F /* PGTurnDetailTableViewController.h */ = {isa = PBXFileReference; fileEncoding = 4; lastKnownFileType = sourcecode.c.h; path = PGTurnDetailTableViewController.h; sourceTree = "<group>"; };
		988075801BB1A9660013700F /* PGTurnDetailTableViewController.m */ = {isa = PBXFileReference; fileEncoding = 4; lastKnownFileType = sourcecode.c.objc; path = PGTurnDetailTableViewController.m; sourceTree = "<group>"; };
		98FE21B71BB3D23F00F052E7 /* PGTurnDetailTableViewCell.h */ = {isa = PBXFileReference; fileEncoding = 4; lastKnownFileType = sourcecode.c.h; path = PGTurnDetailTableViewCell.h; sourceTree = "<group>"; };
		98FE21B81BB3D23F00F052E7 /* PGTurnDetailTableViewCell.m */ = {isa = PBXFileReference; fileEncoding = 4; lastKnownFileType = sourcecode.c.objc; path = PGTurnDetailTableViewCell.m; sourceTree = "<group>"; };
		AC935D9FEA5312C1E2894E8C /* libPods-ManageSystem.a */ = {isa = PBXFileReference; explicitFileType = archive.ar; includeInIndex = 0; path = "libPods-ManageSystem.a"; sourceTree = BUILT_PRODUCTS_DIR; };
		B9DBCD303DEAD996F5261A39 /* Pods-ManageSystem.release.xcconfig */ = {isa = PBXFileReference; includeInIndex = 1; lastKnownFileType = text.xcconfig; name = "Pods-ManageSystem.release.xcconfig"; path = "Pods/Target Support Files/Pods-ManageSystem/Pods-ManageSystem.release.xcconfig"; sourceTree = "<group>"; };
		CC34FA404B140A7AAF97221A /* Pods-ManageSystem.debug.xcconfig */ = {isa = PBXFileReference; includeInIndex = 1; lastKnownFileType = text.xcconfig; name = "Pods-ManageSystem.debug.xcconfig"; path = "Pods/Target Support Files/Pods-ManageSystem/Pods-ManageSystem.debug.xcconfig"; sourceTree = "<group>"; };
/* End PBXFileReference section */

/* Begin PBXFrameworksBuildPhase section */
		04641A831BB0ED5500E36F0A /* Frameworks */ = {
			isa = PBXFrameworksBuildPhase;
			buildActionMask = 2147483647;
			files = (
				4CA3EC301AE1FAF3F26F1095 /* libPods-ManageSystem.a in Frameworks */,
			);
			runOnlyForDeploymentPostprocessing = 0;
		};
		04641A9C1BB0ED5500E36F0A /* Frameworks */ = {
			isa = PBXFrameworksBuildPhase;
			buildActionMask = 2147483647;
			files = (
			);
			runOnlyForDeploymentPostprocessing = 0;
		};
/* End PBXFrameworksBuildPhase section */

/* Begin PBXGroup section */
		045F9F4E1BB182C2002C6B1B /* Classes */ = {
			isa = PBXGroup;
			children = (
				0468CB301BBE18BA000E51F4 /* Http */,
				9880756C1BB186230013700F /* ContentList */,
				045F9F4F1BB182C2002C6B1B /* AddUp */,
				045F9F531BB182C2002C6B1B /* Login */,
			);
			path = Classes;
			sourceTree = "<group>";
		};
		045F9F4F1BB182C2002C6B1B /* AddUp */ = {
			isa = PBXGroup;
			children = (
				045F9F501BB182C2002C6B1B /* Controllers */,
				045F9F511BB182C2002C6B1B /* Model */,
				045F9F521BB182C2002C6B1B /* Views */,
			);
			path = AddUp;
			sourceTree = "<group>";
		};
		045F9F501BB182C2002C6B1B /* Controllers */ = {
			isa = PBXGroup;
			children = (
				045F9F5A1BB1863B002C6B1B /* PGAddUpWithDateViewController.h */,
				045F9F5B1BB1863B002C6B1B /* PGAddUpWithDateViewController.m */,
				045F9F641BB1AA6C002C6B1B /* PGDeskAddupViewController.h */,
				045F9F651BB1AA6C002C6B1B /* PGDeskAddupViewController.m */,
			);
			path = Controllers;
			sourceTree = "<group>";
		};
		045F9F511BB182C2002C6B1B /* Model */ = {
			isa = PBXGroup;
			children = (
			);
			path = Model;
			sourceTree = "<group>";
		};
		045F9F521BB182C2002C6B1B /* Views */ = {
			isa = PBXGroup;
			children = (
				045F9F671BB1AAC9002C6B1B /* PGDeskDetialsCell.h */,
				045F9F681BB1AAC9002C6B1B /* PGDeskDetialsCell.m */,
				045F9F5D1BB18721002C6B1B /* PGAddUpAllCell.h */,
				045F9F5E1BB18721002C6B1B /* PGAddUpAllCell.m */,
				045F9F611BB1932F002C6B1B /* PGDeskAddupCell.h */,
				045F9F621BB1932F002C6B1B /* PGDeskAddupCell.m */,
				043C50DE1BB60FC2004B6620 /* PGCustomView.h */,
				043C50DF1BB60FC2004B6620 /* PGCustomView.m */,
			);
			path = Views;
			sourceTree = "<group>";
		};
		045F9F531BB182C2002C6B1B /* Login */ = {
			isa = PBXGroup;
			children = (
				045F9F541BB182C2002C6B1B /* Controllers */,
				045F9F551BB182C2002C6B1B /* Model */,
				045F9F561BB182C2002C6B1B /* Views */,
			);
			path = Login;
			sourceTree = "<group>";
		};
		045F9F541BB182C2002C6B1B /* Controllers */ = {
			isa = PBXGroup;
			children = (
				045F9F571BB18464002C6B1B /* PGLoginViewController.h */,
				045F9F581BB18464002C6B1B /* PGLoginViewController.m */,
			);
			path = Controllers;
			sourceTree = "<group>";
		};
		045F9F551BB182C2002C6B1B /* Model */ = {
			isa = PBXGroup;
			children = (
			);
			path = Model;
			sourceTree = "<group>";
		};
		045F9F561BB182C2002C6B1B /* Views */ = {
			isa = PBXGroup;
			children = (
			);
			path = Views;
			sourceTree = "<group>";
		};
		04641A7D1BB0ED5500E36F0A = {
			isa = PBXGroup;
			children = (
				04641A881BB0ED5500E36F0A /* ManageSystem */,
				04641AA21BB0ED5500E36F0A /* ManageSystemTests */,
				04641A871BB0ED5500E36F0A /* Products */,
				44F390DF6BE28312D2FB7AAC /* Pods */,
				6BA92385A68163B03B997456 /* Frameworks */,
			);
			sourceTree = "<group>";
		};
		04641A871BB0ED5500E36F0A /* Products */ = {
			isa = PBXGroup;
			children = (
				04641A861BB0ED5500E36F0A /* ManageSystem.app */,
				04641A9F1BB0ED5500E36F0A /* ManageSystemTests.xctest */,
			);
			name = Products;
			sourceTree = "<group>";
		};
		04641A881BB0ED5500E36F0A /* ManageSystem */ = {
			isa = PBXGroup;
			children = (
				04641A8D1BB0ED5500E36F0A /* AppDelegate.h */,
				04641A8E1BB0ED5500E36F0A /* AppDelegate.m */,
				045F9F601BB187C4002C6B1B /* PGDefines.h */,
				045F9F4E1BB182C2002C6B1B /* Classes */,
				04641A961BB0ED5500E36F0A /* Images.xcassets */,
				04641A981BB0ED5500E36F0A /* LaunchScreen.xib */,
				04641A891BB0ED5500E36F0A /* Supporting Files */,
			);
			path = ManageSystem;
			sourceTree = "<group>";
		};
		04641A891BB0ED5500E36F0A /* Supporting Files */ = {
			isa = PBXGroup;
			children = (
				04641A8A1BB0ED5500E36F0A /* Info.plist */,
				045F9F6A1BB21FA0002C6B1B /* arrow.png */,
				04641A8B1BB0ED5500E36F0A /* main.m */,
				04641AAF1BB0ED8200E36F0A /* PrefixHeader.pch */,
			);
			name = "Supporting Files";
			sourceTree = "<group>";
		};
		04641AA21BB0ED5500E36F0A /* ManageSystemTests */ = {
			isa = PBXGroup;
			children = (
				04641AA51BB0ED5500E36F0A /* ManageSystemTests.m */,
				04641AA31BB0ED5500E36F0A /* Supporting Files */,
			);
			path = ManageSystemTests;
			sourceTree = "<group>";
		};
		04641AA31BB0ED5500E36F0A /* Supporting Files */ = {
			isa = PBXGroup;
			children = (
				04641AA41BB0ED5500E36F0A /* Info.plist */,
			);
			name = "Supporting Files";
			sourceTree = "<group>";
		};
		0468CB301BBE18BA000E51F4 /* Http */ = {
			isa = PBXGroup;
			children = (
				0468CB3B1BBE1BA9000E51F4 /* HTTPManager.h */,
				0468CB3C1BBE1BA9000E51F4 /* HTTPManager.m */,
				0468CB351BBE193F000E51F4 /* PGApiDefines.h */,
				0468CB3E1BBE1C94000E51F4 /* PGApiClient.h */,
				0468CB3F1BBE1C94000E51F4 /* PGApiClient.m */,
			);
			path = Http;
			sourceTree = "<group>";
		};
		44F390DF6BE28312D2FB7AAC /* Pods */ = {
			isa = PBXGroup;
			children = (
				CC34FA404B140A7AAF97221A /* Pods-ManageSystem.debug.xcconfig */,
				B9DBCD303DEAD996F5261A39 /* Pods-ManageSystem.release.xcconfig */,
			);
			name = Pods;
			sourceTree = "<group>";
		};
		6BA92385A68163B03B997456 /* Frameworks */ = {
			isa = PBXGroup;
			children = (
				AC935D9FEA5312C1E2894E8C /* libPods-ManageSystem.a */,
			);
			name = Frameworks;
			sourceTree = "<group>";
		};
		9880756C1BB186230013700F /* ContentList */ = {
			isa = PBXGroup;
			children = (
				988075761BB19A4B0013700F /* TurnLis */,
				9880756D1BB186580013700F /* DrinksList */,
			);
			name = ContentList;
			sourceTree = "<group>";
		};
		9880756D1BB186580013700F /* DrinksList */ = {
			isa = PBXGroup;
			children = (
				9880756E1BB187020013700F /* DringsTableViewController.h */,
				9880756F1BB187020013700F /* DringsTableViewController.m */,
				988075711BB187A90013700F /* DrinksTableViewCell.h */,
				988075721BB187A90013700F /* DrinksTableViewCell.m */,
				988075731BB187A90013700F /* DrinksTableViewCell.xib */,
			);
			name = DrinksList;
			sourceTree = "<group>";
		};
		988075761BB19A4B0013700F /* TurnLis */ = {
			isa = PBXGroup;
			children = (
				988075771BB19A950013700F /* PGTurnListTableViewController.h */,
				988075781BB19A950013700F /* PGTurnListTableViewController.m */,
				9880757A1BB19B540013700F /* PGTurnListTableViewCell.h */,
				9880757B1BB19B540013700F /* PGTurnListTableViewCell.m */,
				9880757C1BB19B540013700F /* PGTurnListTableViewCell.xib */,
				9880757F1BB1A9660013700F /* PGTurnDetailTableViewController.h */,
				988075801BB1A9660013700F /* PGTurnDetailTableViewController.m */,
				98FE21B71BB3D23F00F052E7 /* PGTurnDetailTableViewCell.h */,
				98FE21B81BB3D23F00F052E7 /* PGTurnDetailTableViewCell.m */,
			);
			name = TurnLis;
			sourceTree = "<group>";
		};
/* End PBXGroup section */

/* Begin PBXNativeTarget section */
		04641A851BB0ED5500E36F0A /* ManageSystem */ = {
			isa = PBXNativeTarget;
			buildConfigurationList = 04641AA91BB0ED5500E36F0A /* Build configuration list for PBXNativeTarget "ManageSystem" */;
			buildPhases = (
				3B4AD7F80954CC6471D3726A /* Check Pods Manifest.lock */,
				04641A821BB0ED5500E36F0A /* Sources */,
				04641A831BB0ED5500E36F0A /* Frameworks */,
				04641A841BB0ED5500E36F0A /* Resources */,
				8F4A5C26EE7D75E5031214B5 /* Copy Pods Resources */,
			);
			buildRules = (
			);
			dependencies = (
			);
			name = ManageSystem;
			productName = ManageSystem;
			productReference = 04641A861BB0ED5500E36F0A /* ManageSystem.app */;
			productType = "com.apple.product-type.application";
		};
		04641A9E1BB0ED5500E36F0A /* ManageSystemTests */ = {
			isa = PBXNativeTarget;
			buildConfigurationList = 04641AAC1BB0ED5500E36F0A /* Build configuration list for PBXNativeTarget "ManageSystemTests" */;
			buildPhases = (
				04641A9B1BB0ED5500E36F0A /* Sources */,
				04641A9C1BB0ED5500E36F0A /* Frameworks */,
				04641A9D1BB0ED5500E36F0A /* Resources */,
			);
			buildRules = (
			);
			dependencies = (
				04641AA11BB0ED5500E36F0A /* PBXTargetDependency */,
			);
			name = ManageSystemTests;
			productName = ManageSystemTests;
			productReference = 04641A9F1BB0ED5500E36F0A /* ManageSystemTests.xctest */;
			productType = "com.apple.product-type.bundle.unit-test";
		};
/* End PBXNativeTarget section */

/* Begin PBXProject section */
		04641A7E1BB0ED5500E36F0A /* Project object */ = {
			isa = PBXProject;
			attributes = {
				CLASSPREFIX = PG;
				LastUpgradeCheck = 0640;
				ORGANIZATIONNAME = qfpay;
				TargetAttributes = {
					04641A851BB0ED5500E36F0A = {
						CreatedOnToolsVersion = 6.4;
					};
					04641A9E1BB0ED5500E36F0A = {
						CreatedOnToolsVersion = 6.4;
						TestTargetID = 04641A851BB0ED5500E36F0A;
					};
				};
			};
			buildConfigurationList = 04641A811BB0ED5500E36F0A /* Build configuration list for PBXProject "ManageSystem" */;
			compatibilityVersion = "Xcode 3.2";
			developmentRegion = English;
			hasScannedForEncodings = 0;
			knownRegions = (
				en,
				Base,
			);
			mainGroup = 04641A7D1BB0ED5500E36F0A;
			productRefGroup = 04641A871BB0ED5500E36F0A /* Products */;
			projectDirPath = "";
			projectRoot = "";
			targets = (
				04641A851BB0ED5500E36F0A /* ManageSystem */,
				04641A9E1BB0ED5500E36F0A /* ManageSystemTests */,
			);
		};
/* End PBXProject section */

/* Begin PBXResourcesBuildPhase section */
		04641A841BB0ED5500E36F0A /* Resources */ = {
			isa = PBXResourcesBuildPhase;
			buildActionMask = 2147483647;
			files = (
				04641A9A1BB0ED5500E36F0A /* LaunchScreen.xib in Resources */,
				045F9F6B1BB21FA0002C6B1B /* arrow.png in Resources */,
				04641A971BB0ED5500E36F0A /* Images.xcassets in Resources */,
				988075751BB187A90013700F /* DrinksTableViewCell.xib in Resources */,
				9880757E1BB19B540013700F /* PGTurnListTableViewCell.xib in Resources */,
			);
			runOnlyForDeploymentPostprocessing = 0;
		};
		04641A9D1BB0ED5500E36F0A /* Resources */ = {
			isa = PBXResourcesBuildPhase;
			buildActionMask = 2147483647;
			files = (
			);
			runOnlyForDeploymentPostprocessing = 0;
		};
/* End PBXResourcesBuildPhase section */

/* Begin PBXShellScriptBuildPhase section */
		3B4AD7F80954CC6471D3726A /* Check Pods Manifest.lock */ = {
			isa = PBXShellScriptBuildPhase;
			buildActionMask = 2147483647;
			files = (
			);
			inputPaths = (
			);
			name = "Check Pods Manifest.lock";
			outputPaths = (
			);
			runOnlyForDeploymentPostprocessing = 0;
			shellPath = /bin/sh;
			shellScript = "diff \"${PODS_ROOT}/../Podfile.lock\" \"${PODS_ROOT}/Manifest.lock\" > /dev/null\nif [[ $? != 0 ]] ; then\n    cat << EOM\nerror: The sandbox is not in sync with the Podfile.lock. Run 'pod install' or update your CocoaPods installation.\nEOM\n    exit 1\nfi\n";
			showEnvVarsInLog = 0;
		};
		8F4A5C26EE7D75E5031214B5 /* Copy Pods Resources */ = {
			isa = PBXShellScriptBuildPhase;
			buildActionMask = 2147483647;
			files = (
			);
			inputPaths = (
			);
			name = "Copy Pods Resources";
			outputPaths = (
			);
			runOnlyForDeploymentPostprocessing = 0;
			shellPath = /bin/sh;
			shellScript = "\"${SRCROOT}/Pods/Target Support Files/Pods-ManageSystem/Pods-ManageSystem-resources.sh\"\n";
			showEnvVarsInLog = 0;
		};
/* End PBXShellScriptBuildPhase section */

/* Begin PBXSourcesBuildPhase section */
		04641A821BB0ED5500E36F0A /* Sources */ = {
			isa = PBXSourcesBuildPhase;
			buildActionMask = 2147483647;
			files = (
				045F9F5C1BB1863B002C6B1B /* PGAddUpWithDateViewController.m in Sources */,
				045F9F5F1BB18721002C6B1B /* PGAddUpAllCell.m in Sources */,
				045F9F691BB1AAC9002C6B1B /* PGDeskDetialsCell.m in Sources */,
				0468CB3D1BBE1BA9000E51F4 /* HTTPManager.m in Sources */,
				045F9F631BB1932F002C6B1B /* PGDeskAddupCell.m in Sources */,
				043C50E01BB60FC2004B6620 /* PGCustomView.m in Sources */,
				04641A8F1BB0ED5500E36F0A /* AppDelegate.m in Sources */,
				988075701BB187020013700F /* DringsTableViewController.m in Sources */,
				988075811BB1A9660013700F /* PGTurnDetailTableViewController.m in Sources */,
				988075741BB187A90013700F /* DrinksTableViewCell.m in Sources */,
				9880757D1BB19B540013700F /* PGTurnListTableViewCell.m in Sources */,
				988075791BB19A950013700F /* PGTurnListTableViewController.m in Sources */,
				98FE21B91BB3D23F00F052E7 /* PGTurnDetailTableViewCell.m in Sources */,
				04641A8C1BB0ED5500E36F0A /* main.m in Sources */,
				045F9F661BB1AA6C002C6B1B /* PGDeskAddupViewController.m in Sources */,
				0468CB401BBE1C94000E51F4 /* PGApiClient.m in Sources */,
				045F9F591BB18464002C6B1B /* PGLoginViewController.m in Sources */,
			);
			runOnlyForDeploymentPostprocessing = 0;
		};
		04641A9B1BB0ED5500E36F0A /* Sources */ = {
			isa = PBXSourcesBuildPhase;
			buildActionMask = 2147483647;
			files = (
				04641AA61BB0ED5500E36F0A /* ManageSystemTests.m in Sources */,
			);
			runOnlyForDeploymentPostprocessing = 0;
		};
/* End PBXSourcesBuildPhase section */

/* Begin PBXTargetDependency section */
		04641AA11BB0ED5500E36F0A /* PBXTargetDependency */ = {
			isa = PBXTargetDependency;
			target = 04641A851BB0ED5500E36F0A /* ManageSystem */;
			targetProxy = 04641AA01BB0ED5500E36F0A /* PBXContainerItemProxy */;
		};
/* End PBXTargetDependency section */

/* Begin PBXVariantGroup section */
		04641A981BB0ED5500E36F0A /* LaunchScreen.xib */ = {
			isa = PBXVariantGroup;
			children = (
				04641A991BB0ED5500E36F0A /* Base */,
			);
			name = LaunchScreen.xib;
			sourceTree = "<group>";
		};
/* End PBXVariantGroup section */

/* Begin XCBuildConfiguration section */
		04641AA71BB0ED5500E36F0A /* Debug */ = {
			isa = XCBuildConfiguration;
			buildSettings = {
				ALWAYS_SEARCH_USER_PATHS = NO;
				CLANG_CXX_LANGUAGE_STANDARD = "gnu++0x";
				CLANG_CXX_LIBRARY = "libc++";
				CLANG_ENABLE_MODULES = YES;
				CLANG_ENABLE_OBJC_ARC = YES;
				CLANG_WARN_BOOL_CONVERSION = YES;
				CLANG_WARN_CONSTANT_CONVERSION = YES;
				CLANG_WARN_DIRECT_OBJC_ISA_USAGE = YES_ERROR;
				CLANG_WARN_EMPTY_BODY = YES;
				CLANG_WARN_ENUM_CONVERSION = YES;
				CLANG_WARN_INT_CONVERSION = YES;
				CLANG_WARN_OBJC_ROOT_CLASS = YES_ERROR;
				CLANG_WARN_UNREACHABLE_CODE = YES;
				CLANG_WARN__DUPLICATE_METHOD_MATCH = YES;
				"CODE_SIGN_IDENTITY[sdk=iphoneos*]" = "iPhone Developer";
				COPY_PHASE_STRIP = NO;
				DEBUG_INFORMATION_FORMAT = "dwarf-with-dsym";
				ENABLE_STRICT_OBJC_MSGSEND = YES;
				GCC_C_LANGUAGE_STANDARD = gnu99;
				GCC_DYNAMIC_NO_PIC = NO;
				GCC_NO_COMMON_BLOCKS = YES;
				GCC_OPTIMIZATION_LEVEL = 0;
				GCC_PREPROCESSOR_DEFINITIONS = (
					"DEBUG=1",
					"$(inherited)",
				);
				GCC_SYMBOLS_PRIVATE_EXTERN = NO;
				GCC_WARN_64_TO_32_BIT_CONVERSION = YES;
				GCC_WARN_ABOUT_RETURN_TYPE = YES_ERROR;
				GCC_WARN_UNDECLARED_SELECTOR = YES;
				GCC_WARN_UNINITIALIZED_AUTOS = YES_AGGRESSIVE;
				GCC_WARN_UNUSED_FUNCTION = YES;
				GCC_WARN_UNUSED_VARIABLE = YES;
				IPHONEOS_DEPLOYMENT_TARGET = 7.0;
				MTL_ENABLE_DEBUG_INFO = YES;
				ONLY_ACTIVE_ARCH = YES;
				SDKROOT = iphoneos;
				TARGETED_DEVICE_FAMILY = "1,2";
			};
			name = Debug;
		};
		04641AA81BB0ED5500E36F0A /* Release */ = {
			isa = XCBuildConfiguration;
			buildSettings = {
				ALWAYS_SEARCH_USER_PATHS = NO;
				CLANG_CXX_LANGUAGE_STANDARD = "gnu++0x";
				CLANG_CXX_LIBRARY = "libc++";
				CLANG_ENABLE_MODULES = YES;
				CLANG_ENABLE_OBJC_ARC = YES;
				CLANG_WARN_BOOL_CONVERSION = YES;
				CLANG_WARN_CONSTANT_CONVERSION = YES;
				CLANG_WARN_DIRECT_OBJC_ISA_USAGE = YES_ERROR;
				CLANG_WARN_EMPTY_BODY = YES;
				CLANG_WARN_ENUM_CONVERSION = YES;
				CLANG_WARN_INT_CONVERSION = YES;
				CLANG_WARN_OBJC_ROOT_CLASS = YES_ERROR;
				CLANG_WARN_UNREACHABLE_CODE = YES;
				CLANG_WARN__DUPLICATE_METHOD_MATCH = YES;
				"CODE_SIGN_IDENTITY[sdk=iphoneos*]" = "iPhone Developer";
				COPY_PHASE_STRIP = NO;
				DEBUG_INFORMATION_FORMAT = "dwarf-with-dsym";
				ENABLE_NS_ASSERTIONS = NO;
				ENABLE_STRICT_OBJC_MSGSEND = YES;
				GCC_C_LANGUAGE_STANDARD = gnu99;
				GCC_NO_COMMON_BLOCKS = YES;
				GCC_WARN_64_TO_32_BIT_CONVERSION = YES;
				GCC_WARN_ABOUT_RETURN_TYPE = YES_ERROR;
				GCC_WARN_UNDECLARED_SELECTOR = YES;
				GCC_WARN_UNINITIALIZED_AUTOS = YES_AGGRESSIVE;
				GCC_WARN_UNUSED_FUNCTION = YES;
				GCC_WARN_UNUSED_VARIABLE = YES;
				IPHONEOS_DEPLOYMENT_TARGET = 7.0;
				MTL_ENABLE_DEBUG_INFO = NO;
				SDKROOT = iphoneos;
				TARGETED_DEVICE_FAMILY = "1,2";
				VALIDATE_PRODUCT = YES;
			};
			name = Release;
		};
		04641AAA1BB0ED5500E36F0A /* Debug */ = {
			isa = XCBuildConfiguration;
			baseConfigurationReference = CC34FA404B140A7AAF97221A /* Pods-ManageSystem.debug.xcconfig */;
			buildSettings = {
				ASSETCATALOG_COMPILER_APPICON_NAME = AppIcon;
				GCC_PREFIX_HEADER = "$(SRCROOT)/ManageSystem/PrefixHeader.pch";
				INFOPLIST_FILE = ManageSystem/Info.plist;
				IPHONEOS_DEPLOYMENT_TARGET = 7.0;
				LD_RUNPATH_SEARCH_PATHS = "$(inherited) @executable_path/Frameworks";
				PRODUCT_NAME = "$(TARGET_NAME)";
			};
			name = Debug;
		};
		04641AAB1BB0ED5500E36F0A /* Release */ = {
			isa = XCBuildConfiguration;
			baseConfigurationReference = B9DBCD303DEAD996F5261A39 /* Pods-ManageSystem.release.xcconfig */;
			buildSettings = {
				ASSETCATALOG_COMPILER_APPICON_NAME = AppIcon;
				GCC_PREFIX_HEADER = "$(SRCROOT)/ManageSystem/PrefixHeader.pch";
				INFOPLIST_FILE = ManageSystem/Info.plist;
				IPHONEOS_DEPLOYMENT_TARGET = 7.0;
				LD_RUNPATH_SEARCH_PATHS = "$(inherited) @executable_path/Frameworks";
				PRODUCT_NAME = "$(TARGET_NAME)";
			};
			name = Release;
		};
		04641AAD1BB0ED5500E36F0A /* Debug */ = {
			isa = XCBuildConfiguration;
			buildSettings = {
				BUNDLE_LOADER = "$(TEST_HOST)";
				FRAMEWORK_SEARCH_PATHS = (
					"$(SDKROOT)/Developer/Library/Frameworks",
					"$(inherited)",
				);
				GCC_PREPROCESSOR_DEFINITIONS = (
					"DEBUG=1",
					"$(inherited)",
				);
				INFOPLIST_FILE = ManageSystemTests/Info.plist;
				LD_RUNPATH_SEARCH_PATHS = "$(inherited) @executable_path/Frameworks @loader_path/Frameworks";
				PRODUCT_NAME = "$(TARGET_NAME)";
				TEST_HOST = "$(BUILT_PRODUCTS_DIR)/ManageSystem.app/ManageSystem";
			};
			name = Debug;
		};
		04641AAE1BB0ED5500E36F0A /* Release */ = {
			isa = XCBuildConfiguration;
			buildSettings = {
				BUNDLE_LOADER = "$(TEST_HOST)";
				FRAMEWORK_SEARCH_PATHS = (
					"$(SDKROOT)/Developer/Library/Frameworks",
					"$(inherited)",
				);
				INFOPLIST_FILE = ManageSystemTests/Info.plist;
				LD_RUNPATH_SEARCH_PATHS = "$(inherited) @executable_path/Frameworks @loader_path/Frameworks";
				PRODUCT_NAME = "$(TARGET_NAME)";
				TEST_HOST = "$(BUILT_PRODUCTS_DIR)/ManageSystem.app/ManageSystem";
			};
			name = Release;
		};
/* End XCBuildConfiguration section */

/* Begin XCConfigurationList section */
		04641A811BB0ED5500E36F0A /* Build configuration list for PBXProject "ManageSystem" */ = {
			isa = XCConfigurationList;
			buildConfigurations = (
				04641AA71BB0ED5500E36F0A /* Debug */,
				04641AA81BB0ED5500E36F0A /* Release */,
			);
			defaultConfigurationIsVisible = 0;
			defaultConfigurationName = Release;
		};
		04641AA91BB0ED5500E36F0A /* Build configuration list for PBXNativeTarget "ManageSystem" */ = {
			isa = XCConfigurationList;
			buildConfigurations = (
				04641AAA1BB0ED5500E36F0A /* Debug */,
				04641AAB1BB0ED5500E36F0A /* Release */,
			);
			defaultConfigurationIsVisible = 0;
			defaultConfigurationName = Release;
		};
		04641AAC1BB0ED5500E36F0A /* Build configuration list for PBXNativeTarget "ManageSystemTests" */ = {
			isa = XCConfigurationList;
			buildConfigurations = (
				04641AAD1BB0ED5500E36F0A /* Debug */,
				04641AAE1BB0ED5500E36F0A /* Release */,
			);
			defaultConfigurationIsVisible = 0;
			defaultConfigurationName = Release;
		};
/* End XCConfigurationList section */
	};
	rootObject = 04641A7E1BB0ED5500E36F0A /* Project object */;
}
